
Microsoft Visual Studio Solution File, Format Version 12.00
# Visual Studio Version 16
VisualStudioVersion = 16.0.31112.23
MinimumVisualStudioVersion = 10.0.40219.1
Project("{9A19103F-16F7-4668-BE54-9A1E7A4F7556}") = "Tarea9", "Tarea9.csproj", "{AC34F436-4C5C-4848-A96F-94C46A869096}"
EndProject
Global
	GlobalSection(SolutionConfigurationPlatforms) = preSolution
		Debug|Any CPU = Debug|Any CPU
		Release|Any CPU = Release|Any CPU
	EndGlobalSection
	GlobalSection(ProjectConfigurationPlatforms) = postSolution
		{AC34F436-4C5C-4848-A96F-94C46A869096}.Debug|Any CPU.ActiveCfg = Debug|Any CPU
		{AC34F436-4C5C-4848-A96F-94C46A869096}.Debug|Any CPU.Build.0 = Debug|Any CPU
		{AC34F436-4C5C-4848-A96F-94C46A869096}.Release|Any CPU.ActiveCfg = Release|Any CPU
		{AC34F436-4C5C-4848-A96F-94C46A869096}.Release|Any CPU.Build.0 = Release|Any CPU
	EndGlobalSection
	GlobalSection(SolutionProperties) = preSolution
		HideSolutionNode = FALSE
	EndGlobalSection
	GlobalSection(ExtensibilityGlobals) = postSolution
		SolutionGuid = {325A7C88-D5B8-44B6-A3BC-D36CA1F2C139}
	EndGlobalSection
EndGlobal
